
Microsoft Visual Studio Solution File, Format Version 12.00
# Visual Studio Version 17
VisualStudioVersion = 17.5.002.0
MinimumVisualStudioVersion = 10.0.40219.1
Project("{9A19103F-16F7-4668-BE54-9A1E7A4F7556}") = "DWDM", "DWDM\DWDM.csproj", "{AAD00427-4A74-49FA-BD18-DEFFE8213734}"
EndProject
Global
	GlobalSection(SolutionConfigurationPlatforms) = preSolution
		Debug|Any CPU = Debug|Any CPU
		Release|Any CPU = Release|Any CPU
	EndGlobalSection
	GlobalSection(ProjectConfigurationPlatforms) = postSolution
		{AAD00427-4A74-49FA-BD18-DEFFE8213734}.Debug|Any CPU.ActiveCfg = Debug|Any CPU
		{AAD00427-4A74-49FA-BD18-DEFFE8213734}.Debug|Any CPU.Build.0 = Debug|Any CPU
		{AAD00427-4A74-49FA-BD18-DEFFE8213734}.Release|Any CPU.ActiveCfg = Release|Any CPU
		{AAD00427-4A74-49FA-BD18-DEFFE8213734}.Release|Any CPU.Build.0 = Release|Any CPU
	EndGlobalSection
	GlobalSection(SolutionProperties) = preSolution
		HideSolutionNode = FALSE
	EndGlobalSection
	GlobalSection(ExtensibilityGlobals) = postSolution
		SolutionGuid = {698D3DAE-C719-4909-9FB6-35191F4208B0}
	EndGlobalSection
EndGlobal
